// !$*UTF8*$!
{
	archiveVersion = 1;
	classes = {
	};
	objectVersion = 56;
	objects = {

/* Begin PBXBuildFile section */
		433318CC2D04CEF600DBBA2F /* face_time_simliApp.swift in Sources */ = {isa = PBXBuildFile; fileRef = 433318CB2D04CEF600DBBA2F /* face_time_simliApp.swift */; };
		433318CE2D04CEF600DBBA2F /* ContentView.swift in Sources */ = {isa = PBXBuildFile; fileRef = 433318CD2D04CEF600DBBA2F /* ContentView.swift */; };
		433318D02D04CEF700DBBA2F /* Assets.xcassets in Resources */ = {isa = PBXBuildFile; fileRef = 433318CF2D04CEF700DBBA2F /* Assets.xcassets */; };
		433318D32D04CEF700DBBA2F /* Preview Assets.xcassets in Resources */ = {isa = PBXBuildFile; fileRef = 433318D22D04CEF700DBBA2F /* Preview Assets.xcassets */; };
		433318DB2D04D0BE00DBBA2F /* WindowManager.swift in Sources */ = {isa = PBXBuildFile; fileRef = 433318DA2D04D0BE00DBBA2F /* WindowManager.swift */; };
		433318DE2D04D11000DBBA2F /* HotKey in Frameworks */ = {isa = PBXBuildFile; productRef = 433318DD2D04D11000DBBA2F /* HotKey */; };
		433318E32D04FE2C00DBBA2F /* ContactStateManager.swift in Sources */ = {isa = PBXBuildFile; fileRef = 433318E22D04FE2C00DBBA2F /* ContactStateManager.swift */; };
		433318E52D05023D00DBBA2F /* calling_sound.mp3 in Resources */ = {isa = PBXBuildFile; fileRef = 433318E42D05023D00DBBA2F /* calling_sound.mp3 */; };
		433318E72D05043900DBBA2F /* answer.mp3 in Resources */ = {isa = PBXBuildFile; fileRef = 433318E62D05043900DBBA2F /* answer.mp3 */; };
		433318E92D05057200DBBA2F /* WebRTCClient.swift in Sources */ = {isa = PBXBuildFile; fileRef = 433318E82D05057200DBBA2F /* WebRTCClient.swift */; };
		433318EC2D05062300DBBA2F /* WebRTC in Frameworks */ = {isa = PBXBuildFile; productRef = 433318EB2D05062300DBBA2F /* WebRTC */; };
/* End PBXBuildFile section */

/* Begin PBXFileReference section */
		433318C82D04CEF600DBBA2F /* face-time-simli.app */ = {isa = PBXFileReference; explicitFileType = wrapper.application; includeInIndex = 0; path = "face-time-simli.app"; sourceTree = BUILT_PRODUCTS_DIR; };
		433318CB2D04CEF600DBBA2F /* face_time_simliApp.swift */ = {isa = PBXFileReference; lastKnownFileType = sourcecode.swift; path = face_time_simliApp.swift; sourceTree = "<group>"; };
		433318CD2D04CEF600DBBA2F /* ContentView.swift */ = {isa = PBXFileReference; lastKnownFileType = sourcecode.swift; path = ContentView.swift; sourceTree = "<group>"; };
		433318CF2D04CEF700DBBA2F /* Assets.xcassets */ = {isa = PBXFileReference; lastKnownFileType = folder.assetcatalog; path = Assets.xcassets; sourceTree = "<group>"; };
		433318D22D04CEF700DBBA2F /* Preview Assets.xcassets */ = {isa = PBXFileReference; lastKnownFileType = folder.assetcatalog; path = "Preview Assets.xcassets"; sourceTree = "<group>"; };
		433318D42D04CEF700DBBA2F /* face_time_simli.entitlements */ = {isa = PBXFileReference; lastKnownFileType = text.plist.entitlements; path = face_time_simli.entitlements; sourceTree = "<group>"; };
		433318DA2D04D0BE00DBBA2F /* WindowManager.swift */ = {isa = PBXFileReference; lastKnownFileType = sourcecode.swift; path = WindowManager.swift; sourceTree = "<group>"; };
		433318DF2D04E58400DBBA2F /* Info.plist */ = {isa = PBXFileReference; lastKnownFileType = text.plist; path = Info.plist; sourceTree = "<group>"; };
		433318E22D04FE2C00DBBA2F /* ContactStateManager.swift */ = {isa = PBXFileReference; lastKnownFileType = sourcecode.swift; path = ContactStateManager.swift; sourceTree = "<group>"; };
		433318E42D05023D00DBBA2F /* calling_sound.mp3 */ = {isa = PBXFileReference; lastKnownFileType = audio.mp3; path = calling_sound.mp3; sourceTree = "<group>"; };
		433318E62D05043900DBBA2F /* answer.mp3 */ = {isa = PBXFileReference; lastKnownFileType = audio.mp3; path = answer.mp3; sourceTree = "<group>"; };
		433318E82D05057200DBBA2F /* WebRTCClient.swift */ = {isa = PBXFileReference; lastKnownFileType = sourcecode.swift; path = WebRTCClient.swift; sourceTree = "<group>"; };
/* End PBXFileReference section */

/* Begin PBXFrameworksBuildPhase section */
		433318C52D04CEF600DBBA2F /* Frameworks */ = {
			isa = PBXFrameworksBuildPhase;
			buildActionMask = 2147483647;
			files = (
				433318DE2D04D11000DBBA2F /* HotKey in Frameworks */,
				433318EC2D05062300DBBA2F /* WebRTC in Frameworks */,
			);
			runOnlyForDeploymentPostprocessing = 0;
		};
/* End PBXFrameworksBuildPhase section */

/* Begin PBXGroup section */
		433318BF2D04CEF600DBBA2F = {
			isa = PBXGroup;
			children = (
				433318CA2D04CEF600DBBA2F /* face-time-simli */,
				433318C92D04CEF600DBBA2F /* Products */,
			);
			sourceTree = "<group>";
		};
		433318C92D04CEF600DBBA2F /* Products */ = {
			isa = PBXGroup;
			children = (
				433318C82D04CEF600DBBA2F /* face-time-simli.app */,
			);
			name = Products;
			sourceTree = "<group>";
		};
		433318CA2D04CEF600DBBA2F /* face-time-simli */ = {
			isa = PBXGroup;
			children = (
				433318DF2D04E58400DBBA2F /* Info.plist */,
				433318CB2D04CEF600DBBA2F /* face_time_simliApp.swift */,
				433318E22D04FE2C00DBBA2F /* ContactStateManager.swift */,
				433318DA2D04D0BE00DBBA2F /* WindowManager.swift */,
				433318CD2D04CEF600DBBA2F /* ContentView.swift */,
				433318E42D05023D00DBBA2F /* calling_sound.mp3 */,
				433318E82D05057200DBBA2F /* WebRTCClient.swift */,
				433318E62D05043900DBBA2F /* answer.mp3 */,
				433318CF2D04CEF700DBBA2F /* Assets.xcassets */,
				433318D42D04CEF700DBBA2F /* face_time_simli.entitlements */,
				433318D12D04CEF700DBBA2F /* Preview Content */,
			);
			path = "face-time-simli";
			sourceTree = "<group>";
		};
		433318D12D04CEF700DBBA2F /* Preview Content */ = {
			isa = PBXGroup;
			children = (
				433318D22D04CEF700DBBA2F /* Preview Assets.xcassets */,
			);
			path = "Preview Content";
			sourceTree = "<group>";
		};
/* End PBXGroup section */

/* Begin PBXNativeTarget section */
		433318C72D04CEF600DBBA2F /* face-time-simli */ = {
			isa = PBXNativeTarget;
			buildConfigurationList = 433318D72D04CEF700DBBA2F /* Build configuration list for PBXNativeTarget "face-time-simli" */;
			buildPhases = (
				433318C42D04CEF600DBBA2F /* Sources */,
				433318C52D04CEF600DBBA2F /* Frameworks */,
				433318C62D04CEF600DBBA2F /* Resources */,
			);
			buildRules = (
			);
			dependencies = (
			);
			name = "face-time-simli";
			packageProductDependencies = (
				433318DD2D04D11000DBBA2F /* HotKey */,
				433318EB2D05062300DBBA2F /* WebRTC */,
			);
			productName = "face-time-simli";
			productReference = 433318C82D04CEF600DBBA2F /* face-time-simli.app */;
			productType = "com.apple.product-type.application";
		};
/* End PBXNativeTarget section */

/* Begin PBXProject section */
		433318C02D04CEF600DBBA2F /* Project object */ = {
			isa = PBXProject;
			attributes = {
				BuildIndependentTargetsInParallel = 1;
				LastSwiftUpdateCheck = 1540;
				LastUpgradeCheck = 1540;
				TargetAttributes = {
					433318C72D04CEF600DBBA2F = {
						CreatedOnToolsVersion = 15.4;
					};
				};
			};
			buildConfigurationList = 433318C32D04CEF600DBBA2F /* Build configuration list for PBXProject "face-time-simli" */;
			compatibilityVersion = "Xcode 14.0";
			developmentRegion = en;
			hasScannedForEncodings = 0;
			knownRegions = (
				en,
				Base,
			);
			mainGroup = 433318BF2D04CEF600DBBA2F;
			packageReferences = (
				433318DC2D04D11000DBBA2F /* XCRemoteSwiftPackageReference "HotKey" */,
				433318EA2D05062300DBBA2F /* XCRemoteSwiftPackageReference "WebRTC" */,
			);
			productRefGroup = 433318C92D04CEF600DBBA2F /* Products */;
			projectDirPath = "";
			projectRoot = "";
			targets = (
				433318C72D04CEF600DBBA2F /* face-time-simli */,
			);
		};
/* End PBXProject section */

/* Begin PBXResourcesBuildPhase section */
		433318C62D04CEF600DBBA2F /* Resources */ = {
			isa = PBXResourcesBuildPhase;
			buildActionMask = 2147483647;
			files = (
				433318E72D05043900DBBA2F /* answer.mp3 in Resources */,
				433318D32D04CEF700DBBA2F /* Preview Assets.xcassets in Resources */,
				433318D02D04CEF700DBBA2F /* Assets.xcassets in Resources */,
				433318E52D05023D00DBBA2F /* calling_sound.mp3 in Resources */,
			);
			runOnlyForDeploymentPostprocessing = 0;
		};
/* End PBXResourcesBuildPhase section */

/* Begin PBXSourcesBuildPhase section */
		433318C42D04CEF600DBBA2F /* Sources */ = {
			isa = PBXSourcesBuildPhase;
			buildActionMask = 2147483647;
			files = (
				433318E32D04FE2C00DBBA2F /* ContactStateManager.swift in Sources */,
				433318E92D05057200DBBA2F /* WebRTCClient.swift in Sources */,
				433318CE2D04CEF600DBBA2F /* ContentView.swift in Sources */,
				433318CC2D04CEF600DBBA2F /* face_time_simliApp.swift in Sources */,
				433318DB2D04D0BE00DBBA2F /* WindowManager.swift in Sources */,
			);
			runOnlyForDeploymentPostprocessing = 0;
		};
/* End PBXSourcesBuildPhase section */

/* Begin XCBuildConfiguration section */
		433318D52D04CEF700DBBA2F /* Debug */ = {
			isa = XCBuildConfiguration;
			buildSettings = {
				ALWAYS_SEARCH_USER_PATHS = NO;
				ASSETCATALOG_COMPILER_GENERATE_SWIFT_ASSET_SYMBOL_EXTENSIONS = YES;
				CLANG_ANALYZER_NONNULL = YES;
				CLANG_ANALYZER_NUMBER_OBJECT_CONVERSION = YES_AGGRESSIVE;
				CLANG_CXX_LANGUAGE_STANDARD = "gnu++20";
				CLANG_ENABLE_MODULES = YES;
				CLANG_ENABLE_OBJC_ARC = YES;
				CLANG_ENABLE_OBJC_WEAK = YES;
				CLANG_WARN_BLOCK_CAPTURE_AUTORELEASING = YES;
				CLANG_WARN_BOOL_CONVERSION = YES;
				CLANG_WARN_COMMA = YES;
				CLANG_WARN_CONSTANT_CONVERSION = YES;
				CLANG_WARN_DEPRECATED_OBJC_IMPLEMENTATIONS = YES;
				CLANG_WARN_DIRECT_OBJC_ISA_USAGE = YES_ERROR;
				CLANG_WARN_DOCUMENTATION_COMMENTS = YES;
				CLANG_WARN_EMPTY_BODY = YES;
				CLANG_WARN_ENUM_CONVERSION = YES;
				CLANG_WARN_INFINITE_RECURSION = YES;
				CLANG_WARN_INT_CONVERSION = YES;
				CLANG_WARN_NON_LITERAL_NULL_CONVERSION = YES;
				CLANG_WARN_OBJC_IMPLICIT_RETAIN_SELF = YES;
				CLANG_WARN_OBJC_LITERAL_CONVERSION = YES;
				CLANG_WARN_OBJC_ROOT_CLASS = YES_ERROR;
				CLANG_WARN_QUOTED_INCLUDE_IN_FRAMEWORK_HEADER = YES;
				CLANG_WARN_RANGE_LOOP_ANALYSIS = YES;
				CLANG_WARN_STRICT_PROTOTYPES = YES;
				CLANG_WARN_SUSPICIOUS_MOVE = YES;
				CLANG_WARN_UNGUARDED_AVAILABILITY = YES_AGGRESSIVE;
				CLANG_WARN_UNREACHABLE_CODE = YES;
				CLANG_WARN__DUPLICATE_METHOD_MATCH = YES;
				COPY_PHASE_STRIP = NO;
				DEBUG_INFORMATION_FORMAT = dwarf;
				ENABLE_STRICT_OBJC_MSGSEND = YES;
				ENABLE_TESTABILITY = YES;
				ENABLE_USER_SCRIPT_SANDBOXING = YES;
				GCC_C_LANGUAGE_STANDARD = gnu17;
				GCC_DYNAMIC_NO_PIC = NO;
				GCC_NO_COMMON_BLOCKS = YES;
				GCC_OPTIMIZATION_LEVEL = 0;
				GCC_PREPROCESSOR_DEFINITIONS = (
					"DEBUG=1",
					"$(inherited)",
				);
				GCC_WARN_64_TO_32_BIT_CONVERSION = YES;
				GCC_WARN_ABOUT_RETURN_TYPE = YES_ERROR;
				GCC_WARN_UNDECLARED_SELECTOR = YES;
				GCC_WARN_UNINITIALIZED_AUTOS = YES_AGGRESSIVE;
				GCC_WARN_UNUSED_FUNCTION = YES;
				GCC_WARN_UNUSED_VARIABLE = YES;
				LOCALIZATION_PREFERS_STRING_CATALOGS = YES;
				MACOSX_DEPLOYMENT_TARGET = 14.5;
				MTL_ENABLE_DEBUG_INFO = INCLUDE_SOURCE;
				MTL_FAST_MATH = YES;
				ONLY_ACTIVE_ARCH = YES;
				SDKROOT = macosx;
				SWIFT_ACTIVE_COMPILATION_CONDITIONS = "DEBUG $(inherited)";
				SWIFT_OPTIMIZATION_LEVEL = "-Onone";
			};
			name = Debug;
		};
		433318D62D04CEF700DBBA2F /* Release */ = {
			isa = XCBuildConfiguration;
			buildSettings = {
				ALWAYS_SEARCH_USER_PATHS = NO;
				ASSETCATALOG_COMPILER_GENERATE_SWIFT_ASSET_SYMBOL_EXTENSIONS = YES;
				CLANG_ANALYZER_NONNULL = YES;
				CLANG_ANALYZER_NUMBER_OBJECT_CONVERSION = YES_AGGRESSIVE;
				CLANG_CXX_LANGUAGE_STANDARD = "gnu++20";
				CLANG_ENABLE_MODULES = YES;
				CLANG_ENABLE_OBJC_ARC = YES;
				CLANG_ENABLE_OBJC_WEAK = YES;
				CLANG_WARN_BLOCK_CAPTURE_AUTORELEASING = YES;
				CLANG_WARN_BOOL_CONVERSION = YES;
				CLANG_WARN_COMMA = YES;
				CLANG_WARN_CONSTANT_CONVERSION = YES;
				CLANG_WARN_DEPRECATED_OBJC_IMPLEMENTATIONS = YES;
				CLANG_WARN_DIRECT_OBJC_ISA_USAGE = YES_ERROR;
				CLANG_WARN_DOCUMENTATION_COMMENTS = YES;
				CLANG_WARN_EMPTY_BODY = YES;
				CLANG_WARN_ENUM_CONVERSION = YES;
				CLANG_WARN_INFINITE_RECURSION = YES;
				CLANG_WARN_INT_CONVERSION = YES;
				CLANG_WARN_NON_LITERAL_NULL_CONVERSION = YES;
				CLANG_WARN_OBJC_IMPLICIT_RETAIN_SELF = YES;
				CLANG_WARN_OBJC_LITERAL_CONVERSION = YES;
				CLANG_WARN_OBJC_ROOT_CLASS = YES_ERROR;
				CLANG_WARN_QUOTED_INCLUDE_IN_FRAMEWORK_HEADER = YES;
				CLANG_WARN_RANGE_LOOP_ANALYSIS = YES;
				CLANG_WARN_STRICT_PROTOTYPES = YES;
				CLANG_WARN_SUSPICIOUS_MOVE = YES;
				CLANG_WARN_UNGUARDED_AVAILABILITY = YES_AGGRESSIVE;
				CLANG_WARN_UNREACHABLE_CODE = YES;
				CLANG_WARN__DUPLICATE_METHOD_MATCH = YES;
				COPY_PHASE_STRIP = NO;
				DEBUG_INFORMATION_FORMAT = "dwarf-with-dsym";
				ENABLE_NS_ASSERTIONS = NO;
				ENABLE_STRICT_OBJC_MSGSEND = YES;
				ENABLE_USER_SCRIPT_SANDBOXING = YES;
				GCC_C_LANGUAGE_STANDARD = gnu17;
				GCC_NO_COMMON_BLOCKS = YES;
				GCC_WARN_64_TO_32_BIT_CONVERSION = YES;
				GCC_WARN_ABOUT_RETURN_TYPE = YES_ERROR;
				GCC_WARN_UNDECLARED_SELECTOR = YES;
				GCC_WARN_UNINITIALIZED_AUTOS = YES_AGGRESSIVE;
				GCC_WARN_UNUSED_FUNCTION = YES;
				GCC_WARN_UNUSED_VARIABLE = YES;
				LOCALIZATION_PREFERS_STRING_CATALOGS = YES;
				MACOSX_DEPLOYMENT_TARGET = 14.5;
				MTL_ENABLE_DEBUG_INFO = NO;
				MTL_FAST_MATH = YES;
				SDKROOT = macosx;
				SWIFT_COMPILATION_MODE = wholemodule;
			};
			name = Release;
		};
		433318D82D04CEF700DBBA2F /* Debug */ = {
			isa = XCBuildConfiguration;
			buildSettings = {
				ASSETCATALOG_COMPILER_APPICON_NAME = AppIcon;
				ASSETCATALOG_COMPILER_GLOBAL_ACCENT_COLOR_NAME = AccentColor;
				CODE_SIGN_ENTITLEMENTS = "face-time-simli/face_time_simli.entitlements";
				CODE_SIGN_STYLE = Automatic;
				COMBINE_HIDPI_IMAGES = YES;
				CURRENT_PROJECT_VERSION = 1;
				DEVELOPMENT_ASSET_PATHS = "\"face-time-simli/Preview Content\"";
				DEVELOPMENT_TEAM = 2H4LMN3ZLG;
				ENABLE_HARDENED_RUNTIME = YES;
				ENABLE_PREVIEWS = YES;
				GENERATE_INFOPLIST_FILE = YES;
				INFOPLIST_FILE = "face-time-simli/Info.plist";
				INFOPLIST_KEY_LSUIElement = YES;
				INFOPLIST_KEY_NSHumanReadableCopyright = "";
				LD_RUNPATH_SEARCH_PATHS = (
					"$(inherited)",
					"@executable_path/../Frameworks",
				);
				MARKETING_VERSION = 1.0;
				PRODUCT_BUNDLE_IDENTIFIER = "serenidad.face-time-simli";
				PRODUCT_NAME = "$(TARGET_NAME)";
				SWIFT_EMIT_LOC_STRINGS = YES;
				SWIFT_VERSION = 5.0;
			};
			name = Debug;
		};
		433318D92D04CEF700DBBA2F /* Release */ = {
			isa = XCBuildConfiguration;
			buildSettings = {
				ASSETCATALOG_COMPILER_APPICON_NAME = AppIcon;
				ASSETCATALOG_COMPILER_GLOBAL_ACCENT_COLOR_NAME = AccentColor;
				CODE_SIGN_ENTITLEMENTS = "face-time-simli/face_time_simli.entitlements";
				CODE_SIGN_STYLE = Automatic;
				COMBINE_HIDPI_IMAGES = YES;
				CURRENT_PROJECT_VERSION = 1;
				DEVELOPMENT_ASSET_PATHS = "\"face-time-simli/Preview Content\"";
				DEVELOPMENT_TEAM = 2H4LMN3ZLG;
				ENABLE_HARDENED_RUNTIME = YES;
				ENABLE_PREVIEWS = YES;
				GENERATE_INFOPLIST_FILE = YES;
				INFOPLIST_FILE = "face-time-simli/Info.plist";
				INFOPLIST_KEY_LSUIElement = YES;
				INFOPLIST_KEY_NSHumanReadableCopyright = "";
				LD_RUNPATH_SEARCH_PATHS = (
					"$(inherited)",
					"@executable_path/../Frameworks",
				);
				MARKETING_VERSION = 1.0;
				PRODUCT_BUNDLE_IDENTIFIER = "serenidad.face-time-simli";
				PRODUCT_NAME = "$(TARGET_NAME)";
				SWIFT_EMIT_LOC_STRINGS = YES;
				SWIFT_VERSION = 5.0;
			};
			name = Release;
		};
/* End XCBuildConfiguration section */

/* Begin XCConfigurationList section */
		433318C32D04CEF600DBBA2F /* Build configuration list for PBXProject "face-time-simli" */ = {
			isa = XCConfigurationList;
			buildConfigurations = (
				433318D52D04CEF700DBBA2F /* Debug */,
				433318D62D04CEF700DBBA2F /* Release */,
			);
			defaultConfigurationIsVisible = 0;
			defaultConfigurationName = Release;
		};
		433318D72D04CEF700DBBA2F /* Build configuration list for PBXNativeTarget "face-time-simli" */ = {
			isa = XCConfigurationList;
			buildConfigurations = (
				433318D82D04CEF700DBBA2F /* Debug */,
				433318D92D04CEF700DBBA2F /* Release */,
			);
			defaultConfigurationIsVisible = 0;
			defaultConfigurationName = Release;
		};
/* End XCConfigurationList section */

/* Begin XCRemoteSwiftPackageReference section */
		433318DC2D04D11000DBBA2F /* XCRemoteSwiftPackageReference "HotKey" */ = {
			isa = XCRemoteSwiftPackageReference;
			repositoryURL = "https://github.com/soffes/HotKey";
			requirement = {
				branch = main;
				kind = branch;
			};
		};
		433318EA2D05062300DBBA2F /* XCRemoteSwiftPackageReference "WebRTC" */ = {
			isa = XCRemoteSwiftPackageReference;
			repositoryURL = "https://github.com/stasel/WebRTC.git";
			requirement = {
				kind = upToNextMajorVersion;
				minimumVersion = 130.0.0;
			};
		};
/* End XCRemoteSwiftPackageReference section */

/* Begin XCSwiftPackageProductDependency section */
		433318DD2D04D11000DBBA2F /* HotKey */ = {
			isa = XCSwiftPackageProductDependency;
			package = 433318DC2D04D11000DBBA2F /* XCRemoteSwiftPackageReference "HotKey" */;
			productName = HotKey;
		};
		433318EB2D05062300DBBA2F /* WebRTC */ = {
			isa = XCSwiftPackageProductDependency;
			package = 433318EA2D05062300DBBA2F /* XCRemoteSwiftPackageReference "WebRTC" */;
			productName = WebRTC;
		};
/* End XCSwiftPackageProductDependency section */
	};
	rootObject = 433318C02D04CEF600DBBA2F /* Project object */;
}
